// !$*UTF8*$!
{
	archiveVersion = 1;
	classes = {
	};
	objectVersion = 46;
	objects = {

/* Begin PBXBuildFile section */
		EE887E4D1ACDA59700236AD1 /* main.m in Sources */ = {isa = PBXBuildFile; fileRef = EE887E4C1ACDA59700236AD1 /* main.m */; };
		EE887E501ACDA59700236AD1 /* AppDelegate.m in Sources */ = {isa = PBXBuildFile; fileRef = EE887E4F1ACDA59700236AD1 /* AppDelegate.m */; };
		EE887E531ACDA59800236AD1 /* MasterViewController.m in Sources */ = {isa = PBXBuildFile; fileRef = EE887E521ACDA59800236AD1 /* MasterViewController.m */; };
		EE887E561ACDA59800236AD1 /* DetailViewController.m in Sources */ = {isa = PBXBuildFile; fileRef = EE887E551ACDA59800236AD1 /* DetailViewController.m */; };
		EE887E591ACDA59800236AD1 /* Main.storyboard in Resources */ = {isa = PBXBuildFile; fileRef = EE887E571ACDA59800236AD1 /* Main.storyboard */; };
		EE887E5B1ACDA59800236AD1 /* Images.xcassets in Resources */ = {isa = PBXBuildFile; fileRef = EE887E5A1ACDA59800236AD1 /* Images.xcassets */; };
		EE887E5E1ACDA59800236AD1 /* LaunchScreen.xib in Resources */ = {isa = PBXBuildFile; fileRef = EE887E5C1ACDA59800236AD1 /* LaunchScreen.xib */; };
		EE887E6A1ACDA59800236AD1 /* firstTests.m in Sources */ = {isa = PBXBuildFile; fileRef = EE887E691ACDA59800236AD1 /* firstTests.m */; };
/* End PBXBuildFile section */

/* Begin PBXContainerItemProxy section */
		EE887E641ACDA59800236AD1 /* PBXContainerItemProxy */ = {
			isa = PBXContainerItemProxy;
			containerPortal = EE887E3F1ACDA59700236AD1 /* Project object */;
			proxyType = 1;
			remoteGlobalIDString = EE887E461ACDA59700236AD1;
			remoteInfo = first;
		};
/* End PBXContainerItemProxy section */

/* Begin PBXFileReference section */
		EE887E471ACDA59700236AD1 /* first.app */ = {isa = PBXFileReference; explicitFileType = wrapper.application; includeInIndex = 0; path = first.app; sourceTree = BUILT_PRODUCTS_DIR; };
		EE887E4B1ACDA59700236AD1 /* Info.plist */ = {isa = PBXFileReference; lastKnownFileType = text.plist.xml; path = Info.plist; sourceTree = "<group>"; };
		EE887E4C1ACDA59700236AD1 /* main.m */ = {isa = PBXFileReference; lastKnownFileType = sourcecode.c.objc; path = main.m; sourceTree = "<group>"; };
		EE887E4E1ACDA59700236AD1 /* AppDelegate.h */ = {isa = PBXFileReference; lastKnownFileType = sourcecode.c.h; path = AppDelegate.h; sourceTree = "<group>"; };
		EE887E4F1ACDA59700236AD1 /* AppDelegate.m */ = {isa = PBXFileReference; lastKnownFileType = sourcecode.c.objc; path = AppDelegate.m; sourceTree = "<group>"; };
		EE887E511ACDA59800236AD1 /* MasterViewController.h */ = {isa = PBXFileReference; lastKnownFileType = sourcecode.c.h; path = MasterViewController.h; sourceTree = "<group>"; };
		EE887E521ACDA59800236AD1 /* MasterViewController.m */ = {isa = PBXFileReference; lastKnownFileType = sourcecode.c.objc; path = MasterViewController.m; sourceTree = "<group>"; };
		EE887E541ACDA59800236AD1 /* DetailViewController.h */ = {isa = PBXFileReference; lastKnownFileType = sourcecode.c.h; path = DetailViewController.h; sourceTree = "<group>"; };
		EE887E551ACDA59800236AD1 /* DetailViewController.m */ = {isa = PBXFileReference; lastKnownFileType = sourcecode.c.objc; path = DetailViewController.m; sourceTree = "<group>"; };
		EE887E581ACDA59800236AD1 /* Base */ = {isa = PBXFileReference; lastKnownFileType = file.storyboard; name = Base; path = Base.lproj/Main.storyboard; sourceTree = "<group>"; };
		EE887E5A1ACDA59800236AD1 /* Images.xcassets */ = {isa = PBXFileReference; lastKnownFileType = folder.assetcatalog; path = Images.xcassets; sourceTree = "<group>"; };
		EE887E5D1ACDA59800236AD1 /* Base */ = {isa = PBXFileReference; lastKnownFileType = file.xib; name = Base; path = Base.lproj/LaunchScreen.xib; sourceTree = "<group>"; };
		EE887E631ACDA59800236AD1 /* firstTests.xctest */ = {isa = PBXFileReference; explicitFileType = wrapper.cfbundle; includeInIndex = 0; path = firstTests.xctest; sourceTree = BUILT_PRODUCTS_DIR; };
		EE887E681ACDA59800236AD1 /* Info.plist */ = {isa = PBXFileReference; lastKnownFileType = text.plist.xml; path = Info.plist; sourceTree = "<group>"; };
		EE887E691ACDA59800236AD1 /* firstTests.m */ = {isa = PBXFileReference; lastKnownFileType = sourcecode.c.objc; path = firstTests.m; sourceTree = "<group>"; };
/* End PBXFileReference section */

/* Begin PBXFrameworksBuildPhase section */
		EE887E441ACDA59700236AD1 /* Frameworks */ = {
			isa = PBXFrameworksBuildPhase;
			buildActionMask = 2147483647;
			files = (
			);
			runOnlyForDeploymentPostprocessing = 0;
		};
		EE887E601ACDA59800236AD1 /* Frameworks */ = {
			isa = PBXFrameworksBuildPhase;
			buildActionMask = 2147483647;
			files = (
			);
			runOnlyForDeploymentPostprocessing = 0;
		};
/* End PBXFrameworksBuildPhase section */

/* Begin PBXGroup section */
		EE887E3E1ACDA59700236AD1 = {
			isa = PBXGroup;
			children = (
				EE887E491ACDA59700236AD1 /* first */,
				EE887E661ACDA59800236AD1 /* firstTests */,
				EE887E481ACDA59700236AD1 /* Products */,
			);
			sourceTree = "<group>";
		};
		EE887E481ACDA59700236AD1 /* Products */ = {
			isa = PBXGroup;
			children = (
				EE887E471ACDA59700236AD1 /* first.app */,
				EE887E631ACDA59800236AD1 /* firstTests.xctest */,
			);
			name = Products;
			sourceTree = "<group>";
		};
		EE887E491ACDA59700236AD1 /* first */ = {
			isa = PBXGroup;
			children = (
				EE887E4E1ACDA59700236AD1 /* AppDelegate.h */,
				EE887E4F1ACDA59700236AD1 /* AppDelegate.m */,
				EE887E511ACDA59800236AD1 /* MasterViewController.h */,
				EE887E521ACDA59800236AD1 /* MasterViewController.m */,
				EE887E541ACDA59800236AD1 /* DetailViewController.h */,
				EE887E551ACDA59800236AD1 /* DetailViewController.m */,
				EE887E571ACDA59800236AD1 /* Main.storyboard */,
				EE887E5A1ACDA59800236AD1 /* Images.xcassets */,
				EE887E5C1ACDA59800236AD1 /* LaunchScreen.xib */,
				EE887E4A1ACDA59700236AD1 /* Supporting Files */,
			);
			path = first;
			sourceTree = "<group>";
		};
		EE887E4A1ACDA59700236AD1 /* Supporting Files */ = {
			isa = PBXGroup;
			children = (
				EE887E4B1ACDA59700236AD1 /* Info.plist */,
				EE887E4C1ACDA59700236AD1 /* main.m */,
			);
			name = "Supporting Files";
			sourceTree = "<group>";
		};
		EE887E661ACDA59800236AD1 /* firstTests */ = {
			isa = PBXGroup;
			children = (
				EE887E691ACDA59800236AD1 /* firstTests.m */,
				EE887E671ACDA59800236AD1 /* Supporting Files */,
			);
			path = firstTests;
			sourceTree = "<group>";
		};
		EE887E671ACDA59800236AD1 /* Supporting Files */ = {
			isa = PBXGroup;
			children = (
				EE887E681ACDA59800236AD1 /* Info.plist */,
			);
			name = "Supporting Files";
			sourceTree = "<group>";
		};
/* End PBXGroup section */

/* Begin PBXNativeTarget section */
		EE887E461ACDA59700236AD1 /* first */ = {
			isa = PBXNativeTarget;
			buildConfigurationList = EE887E6D1ACDA59800236AD1 /* Build configuration list for PBXNativeTarget "first" */;
			buildPhases = (
				EE887E431ACDA59700236AD1 /* Sources */,
				EE887E441ACDA59700236AD1 /* Frameworks */,
				EE887E451ACDA59700236AD1 /* Resources */,
			);
			buildRules = (
			);
			dependencies = (
			);
			name = first;
			productName = first;
			productReference = EE887E471ACDA59700236AD1 /* first.app */;
			productType = "com.apple.product-type.application";
		};
		EE887E621ACDA59800236AD1 /* firstTests */ = {
			isa = PBXNativeTarget;
			buildConfigurationList = EE887E701ACDA59800236AD1 /* Build configuration list for PBXNativeTarget "firstTests" */;
			buildPhases = (
				EE887E5F1ACDA59800236AD1 /* Sources */,
				EE887E601ACDA59800236AD1 /* Frameworks */,
				EE887E611ACDA59800236AD1 /* Resources */,
			);
			buildRules = (
			);
			dependencies = (
				EE887E651ACDA59800236AD1 /* PBXTargetDependency */,
			);
			name = firstTests;
			productName = firstTests;
			productReference = EE887E631ACDA59800236AD1 /* firstTests.xctest */;
			productType = "com.apple.product-type.bundle.unit-test";
		};
/* End PBXNativeTarget section */

/* Begin PBXProject section */
		EE887E3F1ACDA59700236AD1 /* Project object */ = {
			isa = PBXProject;
			attributes = {
				LastUpgradeCheck = 0620;
				ORGANIZATIONNAME = jiangshouqiang;
				TargetAttributes = {
					EE887E461ACDA59700236AD1 = {
						CreatedOnToolsVersion = 6.2;
					};
					EE887E621ACDA59800236AD1 = {
						CreatedOnToolsVersion = 6.2;
						TestTargetID = EE887E461ACDA59700236AD1;
					};
				};
			};
			buildConfigurationList = EE887E421ACDA59700236AD1 /* Build configuration list for PBXProject "first" */;
			compatibilityVersion = "Xcode 3.2";
			developmentRegion = English;
			hasScannedForEncodings = 0;
			knownRegions = (
				en,
				Base,
			);
			mainGroup = EE887E3E1ACDA59700236AD1;
			productRefGroup = EE887E481ACDA59700236AD1 /* Products */;
			projectDirPath = "";
			projectRoot = "";
			targets = (
				EE887E461ACDA59700236AD1 /* first */,
				EE887E621ACDA59800236AD1 /* firstTests */,
			);
		};
/* End PBXProject section */

/* Begin PBXResourcesBuildPhase section */
		EE887E451ACDA59700236AD1 /* Resources */ = {
			isa = PBXResourcesBuildPhase;
			buildActionMask = 2147483647;
			files = (
				EE887E591ACDA59800236AD1 /* Main.storyboard in Resources */,
				EE887E5E1ACDA59800236AD1 /* LaunchScreen.xib in Resources */,
				EE887E5B1ACDA59800236AD1 /* Images.xcassets in Resources */,
			);
			runOnlyForDeploymentPostprocessing = 0;
		};
		EE887E611ACDA59800236AD1 /* Resources */ = {
			isa = PBXResourcesBuildPhase;
			buildActionMask = 2147483647;
			files = (
			);
			runOnlyForDeploymentPostprocessing = 0;
		};
/* End PBXResourcesBuildPhase section */

/* Begin PBXSourcesBuildPhase section */
		EE887E431ACDA59700236AD1 /* Sources */ = {
			isa = PBXSourcesBuildPhase;
			buildActionMask = 2147483647;
			files = (
				EE887E501ACDA59700236AD1 /* AppDelegate.m in Sources */,
				EE887E531ACDA59800236AD1 /* MasterViewController.m in Sources */,
				EE887E4D1ACDA59700236AD1 /* main.m in Sources */,
				EE887E561ACDA59800236AD1 /* DetailViewController.m in Sources */,
			);
			runOnlyForDeploymentPostprocessing = 0;
		};
		EE887E5F1ACDA59800236AD1 /* Sources */ = {
			isa = PBXSourcesBuildPhase;
			buildActionMask = 2147483647;
			files = (
				EE887E6A1ACDA59800236AD1 /* firstTests.m in Sources */,
			);
			runOnlyForDeploymentPostprocessing = 0;
		};
/* End PBXSourcesBuildPhase section */

/* Begin PBXTargetDependency section */
		EE887E651ACDA59800236AD1 /* PBXTargetDependency */ = {
			isa = PBXTargetDependency;
			target = EE887E461ACDA59700236AD1 /* first */;
			targetProxy = EE887E641ACDA59800236AD1 /* PBXContainerItemProxy */;
		};
/* End PBXTargetDependency section */

/* Begin PBXVariantGroup section */
		EE887E571ACDA59800236AD1 /* Main.storyboard */ = {
			isa = PBXVariantGroup;
			children = (
				EE887E581ACDA59800236AD1 /* Base */,
			);
			name = Main.storyboard;
			sourceTree = "<group>";
		};
		EE887E5C1ACDA59800236AD1 /* LaunchScreen.xib */ = {
			isa = PBXVariantGroup;
			children = (
				EE887E5D1ACDA59800236AD1 /* Base */,
			);
			name = LaunchScreen.xib;
			sourceTree = "<group>";
		};
/* End PBXVariantGroup section */

/* Begin XCBuildConfiguration section */
		EE887E6B1ACDA59800236AD1 /* Debug */ = {
			isa = XCBuildConfiguration;
			buildSettings = {
				ALWAYS_SEARCH_USER_PATHS = NO;
				CLANG_CXX_LANGUAGE_STANDARD = "gnu++0x";
				CLANG_CXX_LIBRARY = "libc++";
				CLANG_ENABLE_MODULES = YES;
				CLANG_ENABLE_OBJC_ARC = YES;
				CLANG_WARN_BOOL_CONVERSION = YES;
				CLANG_WARN_CONSTANT_CONVERSION = YES;
				CLANG_WARN_DIRECT_OBJC_ISA_USAGE = YES_ERROR;
				CLANG_WARN_EMPTY_BODY = YES;
				CLANG_WARN_ENUM_CONVERSION = YES;
				CLANG_WARN_INT_CONVERSION = YES;
				CLANG_WARN_OBJC_ROOT_CLASS = YES_ERROR;
				CLANG_WARN_UNREACHABLE_CODE = YES;
				CLANG_WARN__DUPLICATE_METHOD_MATCH = YES;
				"CODE_SIGN_IDENTITY[sdk=iphoneos*]" = "iPhone Developer";
				COPY_PHASE_STRIP = NO;
				ENABLE_STRICT_OBJC_MSGSEND = YES;
				GCC_C_LANGUAGE_STANDARD = gnu99;
				GCC_DYNAMIC_NO_PIC = NO;
				GCC_OPTIMIZATION_LEVEL = 0;
				GCC_PREPROCESSOR_DEFINITIONS = (
					"DEBUG=1",
					"$(inherited)",
				);
				GCC_SYMBOLS_PRIVATE_EXTERN = NO;
				GCC_WARN_64_TO_32_BIT_CONVERSION = YES;
				GCC_WARN_ABOUT_RETURN_TYPE = YES_ERROR;
				GCC_WARN_UNDECLARED_SELECTOR = YES;
				GCC_WARN_UNINITIALIZED_AUTOS = YES_AGGRESSIVE;
				GCC_WARN_UNUSED_FUNCTION = YES;
				GCC_WARN_UNUSED_VARIABLE = YES;
				IPHONEOS_DEPLOYMENT_TARGET = 8.2;
				MTL_ENABLE_DEBUG_INFO = YES;
				ONLY_ACTIVE_ARCH = YES;
				SDKROOT = iphoneos;
			};
			name = Debug;
		};
		EE887E6C1ACDA59800236AD1 /* Release */ = {
			isa = XCBuildConfiguration;
			buildSettings = {
				ALWAYS_SEARCH_USER_PATHS = NO;
				CLANG_CXX_LANGUAGE_STANDARD = "gnu++0x";
				CLANG_CXX_LIBRARY = "libc++";
				CLANG_ENABLE_MODULES = YES;
				CLANG_ENABLE_OBJC_ARC = YES;
				CLANG_WARN_BOOL_CONVERSION = YES;
				CLANG_WARN_CONSTANT_CONVERSION = YES;
				CLANG_WARN_DIRECT_OBJC_ISA_USAGE = YES_ERROR;
				CLANG_WARN_EMPTY_BODY = YES;
				CLANG_WARN_ENUM_CONVERSION = YES;
				CLANG_WARN_INT_CONVERSION = YES;
				CLANG_WARN_OBJC_ROOT_CLASS = YES_ERROR;
				CLANG_WARN_UNREACHABLE_CODE = YES;
				CLANG_WARN__DUPLICATE_METHOD_MATCH = YES;
				"CODE_SIGN_IDENTITY[sdk=iphoneos*]" = "iPhone Developer";
				COPY_PHASE_STRIP = NO;
				ENABLE_NS_ASSERTIONS = NO;
				ENABLE_STRICT_OBJC_MSGSEND = YES;
				GCC_C_LANGUAGE_STANDARD = gnu99;
				GCC_WARN_64_TO_32_BIT_CONVERSION = YES;
				GCC_WARN_ABOUT_RETURN_TYPE = YES_ERROR;
				GCC_WARN_UNDECLARED_SELECTOR = YES;
				GCC_WARN_UNINITIALIZED_AUTOS = YES_AGGRESSIVE;
				GCC_WARN_UNUSED_FUNCTION = YES;
				GCC_WARN_UNUSED_VARIABLE = YES;
				IPHONEOS_DEPLOYMENT_TARGET = 8.2;
				MTL_ENABLE_DEBUG_INFO = NO;
				SDKROOT = iphoneos;
				VALIDATE_PRODUCT = YES;
			};
			name = Release;
		};
		EE887E6E1ACDA59800236AD1 /* Debug */ = {
			isa = XCBuildConfiguration;
			buildSettings = {
				ASSETCATALOG_COMPILER_APPICON_NAME = AppIcon;
				INFOPLIST_FILE = first/Info.plist;
				LD_RUNPATH_SEARCH_PATHS = "$(inherited) @executable_path/Frameworks";
				PRODUCT_NAME = "$(TARGET_NAME)";
			};
			name = Debug;
		};
		EE887E6F1ACDA59800236AD1 /* Release */ = {
			isa = XCBuildConfiguration;
			buildSettings = {
				ASSETCATALOG_COMPILER_APPICON_NAME = AppIcon;
				INFOPLIST_FILE = first/Info.plist;
				LD_RUNPATH_SEARCH_PATHS = "$(inherited) @executable_path/Frameworks";
				PRODUCT_NAME = "$(TARGET_NAME)";
			};
			name = Release;
		};
		EE887E711ACDA59800236AD1 /* Debug */ = {
			isa = XCBuildConfiguration;
			buildSettings = {
				BUNDLE_LOADER = "$(TEST_HOST)";
				FRAMEWORK_SEARCH_PATHS = (
					"$(SDKROOT)/Developer/Library/Frameworks",
					"$(inherited)",
				);
				GCC_PREPROCESSOR_DEFINITIONS = (
					"DEBUG=1",
					"$(inherited)",
				);
				INFOPLIST_FILE = firstTests/Info.plist;
				LD_RUNPATH_SEARCH_PATHS = "$(inherited) @executable_path/Frameworks @loader_path/Frameworks";
				PRODUCT_NAME = "$(TARGET_NAME)";
				TEST_HOST = "$(BUILT_PRODUCTS_DIR)/first.app/first";
			};
			name = Debug;
		};
		EE887E721ACDA59800236AD1 /* Release */ = {
			isa = XCBuildConfiguration;
			buildSettings = {
				BUNDLE_LOADER = "$(TEST_HOST)";
				FRAMEWORK_SEARCH_PATHS = (
					"$(SDKROOT)/Developer/Library/Frameworks",
					"$(inherited)",
				);
				INFOPLIST_FILE = firstTests/Info.plist;
				LD_RUNPATH_SEARCH_PATHS = "$(inherited) @executable_path/Frameworks @loader_path/Frameworks";
				PRODUCT_NAME = "$(TARGET_NAME)";
				TEST_HOST = "$(BUILT_PRODUCTS_DIR)/first.app/first";
			};
			name = Release;
		};
/* End XCBuildConfiguration section */

/* Begin XCConfigurationList section */
		EE887E421ACDA59700236AD1 /* Build configuration list for PBXProject "first" */ = {
			isa = XCConfigurationList;
			buildConfigurations = (
				EE887E6B1ACDA59800236AD1 /* Debug */,
				EE887E6C1ACDA59800236AD1 /* Release */,
			);
			defaultConfigurationIsVisible = 0;
			defaultConfigurationName = Release;
		};
		EE887E6D1ACDA59800236AD1 /* Build configuration list for PBXNativeTarget "first" */ = {
			isa = XCConfigurationList;
			buildConfigurations = (
				EE887E6E1ACDA59800236AD1 /* Debug */,
				EE887E6F1ACDA59800236AD1 /* Release */,
			);
			defaultConfigurationIsVisible = 0;
		};
		EE887E701ACDA59800236AD1 /* Build configuration list for PBXNativeTarget "firstTests" */ = {
			isa = XCConfigurationList;
			buildConfigurations = (
				EE887E711ACDA59800236AD1 /* Debug */,
				EE887E721ACDA59800236AD1 /* Release */,
			);
			defaultConfigurationIsVisible = 0;
		};
/* End XCConfigurationList section */
	};
	rootObject = EE887E3F1ACDA59700236AD1 /* Project object */;
}
